// !$*UTF8*$!
{
	archiveVersion = 1;
	classes = {
	};
	objectVersion = 54;
	objects = {

/* Begin PBXBuildFile section */
		8E0A68412C0AF541001E3FF9 /* FirebaseImageLoader.swift in Sources */ = {isa = PBXBuildFile; fileRef = 8E0A68402C0AF541001E3FF9 /* FirebaseImageLoader.swift */; };
		8E1482112B9D5525006C16B5 /* AddPlantViewModel.swift in Sources */ = {isa = PBXBuildFile; fileRef = 8E1482102B9D5525006C16B5 /* AddPlantViewModel.swift */; };
		8E1482132B9D5574006C16B5 /* AddSnapToPlantView.swift in Sources */ = {isa = PBXBuildFile; fileRef = 8E1482122B9D5574006C16B5 /* AddSnapToPlantView.swift */; };
		8E18A2BE2B4DC43B0083809A /* LocalStore.swift in Sources */ = {isa = PBXBuildFile; fileRef = 8E18A2BD2B4DC43B0083809A /* LocalStore.swift */; };
		8E3684C82B27CE3100B228F3 /* Constants.swift in Sources */ = {isa = PBXBuildFile; fileRef = 8E3684C72B27CE3100B228F3 /* Constants.swift */; };
		8E3684CA2B27D01E00B228F3 /* user.json in Resources */ = {isa = PBXBuildFile; fileRef = 8E3684C92B27D01E00B228F3 /* user.json */; };
		8E3684CC2B27DB1300B228F3 /* PlantRow.swift in Sources */ = {isa = PBXBuildFile; fileRef = 8E3684CB2B27DB1300B228F3 /* PlantRow.swift */; };
		8E3684CE2B27DB3F00B228F3 /* PlantRowViewModel.swift in Sources */ = {isa = PBXBuildFile; fileRef = 8E3684CD2B27DB3F00B228F3 /* PlantRowViewModel.swift */; };
		8E3684D02B2AC03500B228F3 /* AuthStore.swift in Sources */ = {isa = PBXBuildFile; fileRef = 8E3684CF2B2AC03500B228F3 /* AuthStore.swift */; };
		8E3684D22B2BF86F00B228F3 /* Store.swift in Sources */ = {isa = PBXBuildFile; fileRef = 8E3684D12B2BF86F00B228F3 /* Store.swift */; };
		8E3684D42B2BFFE100B228F3 /* MockStore.swift in Sources */ = {isa = PBXBuildFile; fileRef = 8E3684D32B2BFFE100B228F3 /* MockStore.swift */; };
		8E3ABF00244D6FE000FF378B /* ImageLoader.swift in Sources */ = {isa = PBXBuildFile; fileRef = 8E3ABEFF244D6FE000FF378B /* ImageLoader.swift */; };
		8E3ABF02244D704E00FF378B /* AsyncImageView.swift in Sources */ = {isa = PBXBuildFile; fileRef = 8E3ABF01244D704E00FF378B /* AsyncImageView.swift */; };
		8E3ABF05244D7D0A00FF378B /* PhotoRow.swift in Sources */ = {isa = PBXBuildFile; fileRef = 8E3ABF04244D7D0A00FF378B /* PhotoRow.swift */; };
		8E3ABF07244D7D4000FF378B /* SnapRow.swift in Sources */ = {isa = PBXBuildFile; fileRef = 8E3ABF06244D7D4000FF378B /* SnapRow.swift */; };
		8E3ABF0A244D7DA300FF378B /* PlantsRoot.swift in Sources */ = {isa = PBXBuildFile; fileRef = 8E3ABF09244D7DA300FF378B /* PlantsRoot.swift */; };
		8E3ABF0C244D7DB300FF378B /* SnapsListView.swift in Sources */ = {isa = PBXBuildFile; fileRef = 8E3ABF0B244D7DB300FF378B /* SnapsListView.swift */; };
		8E3ABF13244EAD0A00FF378B /* SnapViewModel.swift in Sources */ = {isa = PBXBuildFile; fileRef = 8E3ABF12244EAD0A00FF378B /* SnapViewModel.swift */; };
		8E3ABF15244EB50E00FF378B /* PhotoRowViewModel.swift in Sources */ = {isa = PBXBuildFile; fileRef = 8E3ABF14244EB50E00FF378B /* PhotoRowViewModel.swift */; };
		8E3ABF17244F83A300FF378B /* PhotoDetailView.swift in Sources */ = {isa = PBXBuildFile; fileRef = 8E3ABF16244F83A300FF378B /* PhotoDetailView.swift */; };
		8E3ABF192450009B00FF378B /* SnapOverlayView.swift in Sources */ = {isa = PBXBuildFile; fileRef = 8E3ABF182450009B00FF378B /* SnapOverlayView.swift */; };
		8E3ABF1C2450065000FF378B /* SnapView.swift in Sources */ = {isa = PBXBuildFile; fileRef = 8E3ABF1B2450065000FF378B /* SnapView.swift */; };
		8E41C7532BF923F600CF0587 /* OverlayEnvironment.swift in Sources */ = {isa = PBXBuildFile; fileRef = 8E41C7522BF923F600CF0587 /* OverlayEnvironment.swift */; };
		8E54C1342B9BBB270020BAAE /* PlantBasicView.swift in Sources */ = {isa = PBXBuildFile; fileRef = 8E54C1332B9BBB270020BAAE /* PlantBasicView.swift */; };
		8E5D49352BA69C3D00455929 /* LocalStoreTests.swift in Sources */ = {isa = PBXBuildFile; fileRef = 8E5D49342BA69C3D00455929 /* LocalStoreTests.swift */; };
		8E5FE327246C774400622DDA /* FirebaseImageService.swift in Sources */ = {isa = PBXBuildFile; fileRef = 8E5FE326246C774400622DDA /* FirebaseImageService.swift */; };
		8E5FE329246E7B0300622DDA /* HomeView.swift in Sources */ = {isa = PBXBuildFile; fileRef = 8E5FE328246E7B0300622DDA /* HomeView.swift */; };
		8E5FE32C246E800A00622DDA /* TabsRouter.swift in Sources */ = {isa = PBXBuildFile; fileRef = 8E5FE32B246E800A00622DDA /* TabsRouter.swift */; };
		8E5FE32F2471F96000622DDA /* PhotoEnvironment.swift in Sources */ = {isa = PBXBuildFile; fileRef = 8E5FE32E2471F96000622DDA /* PhotoEnvironment.swift */; };
		8E65EEA82D50301100B25349 /* MockAuthService.swift in Sources */ = {isa = PBXBuildFile; fileRef = 8E65EEA72D50301100B25349 /* MockAuthService.swift */; };
		8E74F08A244D13F000F5A507 /* Stub.swift in Sources */ = {isa = PBXBuildFile; fileRef = 8E74F089244D13F000F5A507 /* Stub.swift */; };
		8E74F095244D20C200F5A507 /* CameraRoot.swift in Sources */ = {isa = PBXBuildFile; fileRef = 8E74F094244D20C200F5A507 /* CameraRoot.swift */; };
		8E74F097244D21F500F5A507 /* CaptureImageView.swift in Sources */ = {isa = PBXBuildFile; fileRef = 8E74F096244D21F500F5A507 /* CaptureImageView.swift */; };
		8E74F09A244D241000F5A507 /* ImagePickerCoordinator.swift in Sources */ = {isa = PBXBuildFile; fileRef = 8E74F099244D241000F5A507 /* ImagePickerCoordinator.swift */; };
		8E74F09C244D29EC00F5A507 /* README.md in Resources */ = {isa = PBXBuildFile; fileRef = 8E74F09B244D29EC00F5A507 /* README.md */; };
		8E74F0A0244D393800F5A507 /* snapData.json in Resources */ = {isa = PBXBuildFile; fileRef = 8E74F09F244D393800F5A507 /* snapData.json */; };
		8E74F0A2244D39E000F5A507 /* photoData.json in Resources */ = {isa = PBXBuildFile; fileRef = 8E74F0A1244D39E000F5A507 /* photoData.json */; };
		8E74F0A4244D5A3400F5A507 /* Snap.swift in Sources */ = {isa = PBXBuildFile; fileRef = 8E74F0A3244D5A3400F5A507 /* Snap.swift */; };
		8E74F0A6244D5AE600F5A507 /* Photo.swift in Sources */ = {isa = PBXBuildFile; fileRef = 8E74F0A5244D5AE600F5A507 /* Photo.swift */; };
		8E7C7956244BB24400F295AD /* AppDelegate.swift in Sources */ = {isa = PBXBuildFile; fileRef = 8E7C7955244BB24400F295AD /* AppDelegate.swift */; };
		8E7C7958244BB24400F295AD /* SceneDelegate.swift in Sources */ = {isa = PBXBuildFile; fileRef = 8E7C7957244BB24400F295AD /* SceneDelegate.swift */; };
		8E7C795A244BB24400F295AD /* ContentView.swift in Sources */ = {isa = PBXBuildFile; fileRef = 8E7C7959244BB24400F295AD /* ContentView.swift */; };
		8E7C795C244BB24600F295AD /* Assets.xcassets in Resources */ = {isa = PBXBuildFile; fileRef = 8E7C795B244BB24600F295AD /* Assets.xcassets */; };
		8E7C795F244BB24600F295AD /* Preview Assets.xcassets in Resources */ = {isa = PBXBuildFile; fileRef = 8E7C795E244BB24600F295AD /* Preview Assets.xcassets */; };
		8E7C7962244BB24600F295AD /* LaunchScreen.storyboard in Resources */ = {isa = PBXBuildFile; fileRef = 8E7C7960244BB24600F295AD /* LaunchScreen.storyboard */; };
		8E7C796D244BB24600F295AD /* VeggieTagTests.swift in Sources */ = {isa = PBXBuildFile; fileRef = 8E7C796C244BB24600F295AD /* VeggieTagTests.swift */; };
		8E87C5C8245EA1B100482678 /* LoginViewModel.swift in Sources */ = {isa = PBXBuildFile; fileRef = 8E87C5C7245EA1B100482678 /* LoginViewModel.swift */; };
		8E9786BE2B3E8DDC00AD875D /* AddPlantView.swift in Sources */ = {isa = PBXBuildFile; fileRef = 8E9786BD2B3E8DDC00AD875D /* AddPlantView.swift */; };
		8E9E7DA02B413D8900E9DF27 /* PlantGalleryView.swift in Sources */ = {isa = PBXBuildFile; fileRef = 8E9E7D9F2B413D8900E9DF27 /* PlantGalleryView.swift */; };
		8EB00F752B735DEE009C8FE4 /* GoogleService-Info-dev.plist in Resources */ = {isa = PBXBuildFile; fileRef = 8EB00F742B735DEE009C8FE4 /* GoogleService-Info-dev.plist */; };
		8EBE54402C0033B300490C24 /* PlantsListView.swift in Sources */ = {isa = PBXBuildFile; fileRef = 8EBE543F2C0033B300490C24 /* PlantsListView.swift */; };
		8EC10BFF245F2EC7004D92EC /* User.swift in Sources */ = {isa = PBXBuildFile; fileRef = 8EC10BFE245F2EC7004D92EC /* User.swift */; };
		8EC393B32BFAEF52001D1066 /* Router.swift in Sources */ = {isa = PBXBuildFile; fileRef = 8EC393B22BFAEF52001D1066 /* Router.swift */; };
		8EC393B52BFBBC82001D1066 /* SnapEditView.swift in Sources */ = {isa = PBXBuildFile; fileRef = 8EC393B42BFBBC82001D1066 /* SnapEditView.swift */; };
		8EC417262BAE964F0076DC1C /* AddImageHelperLayer.swift in Sources */ = {isa = PBXBuildFile; fileRef = 8EC417252BAE964F0076DC1C /* AddImageHelperLayer.swift */; };
		8EC43E6B2C18D65600A5BCE4 /* PlantsListViewModel.swift in Sources */ = {isa = PBXBuildFile; fileRef = 8EC43E6A2C18D65600A5BCE4 /* PlantsListViewModel.swift */; };
		8EC86BF92454E81D00AB2F92 /* ImageStore.swift in Sources */ = {isa = PBXBuildFile; fileRef = 8EC86BF82454E81D00AB2F92 /* ImageStore.swift */; };
		8EC86BFB245503CC00AB2F92 /* SnapOverlayViewModel.swift in Sources */ = {isa = PBXBuildFile; fileRef = 8EC86BFA245503CC00AB2F92 /* SnapOverlayViewModel.swift */; };
		8EC86BFF245613B900AB2F92 /* SnapsListViewModel.swift in Sources */ = {isa = PBXBuildFile; fileRef = 8EC86BFE245613B900AB2F92 /* SnapsListViewModel.swift */; };
		8EC86C012456234700AB2F92 /* ImageCache.swift in Sources */ = {isa = PBXBuildFile; fileRef = 8EC86C002456234700AB2F92 /* ImageCache.swift */; };
		8EE11201244CF0F200693609 /* Plant.swift in Sources */ = {isa = PBXBuildFile; fileRef = 8EE11200244CF0F200693609 /* Plant.swift */; };
		8EE11203244CF26B00693609 /* plantData.json in Resources */ = {isa = PBXBuildFile; fileRef = 8EE11202244CF26B00693609 /* plantData.json */; };
		8EE709CF2B54056C0078D509 /* FirebaseStore.swift in Sources */ = {isa = PBXBuildFile; fileRef = 8EE709CE2B54056C0078D509 /* FirebaseStore.swift */; };
		8EF0B70D24691940001C9CD8 /* DragView.swift in Sources */ = {isa = PBXBuildFile; fileRef = 8EF0B70C24691940001C9CD8 /* DragView.swift */; };
		8EF0B70F24691A0C001C9CD8 /* DragViewModel.swift in Sources */ = {isa = PBXBuildFile; fileRef = 8EF0B70E24691A0C001C9CD8 /* DragViewModel.swift */; };
		8EF1FC6F24675AF2005C4DE9 /* SnapViewModelTests.swift in Sources */ = {isa = PBXBuildFile; fileRef = 8EF1FC6E24675AF2005C4DE9 /* SnapViewModelTests.swift */; };
		8EF1FC712467C4AF005C4DE9 /* CoordinateService.swift in Sources */ = {isa = PBXBuildFile; fileRef = 8EF1FC702467C4AF005C4DE9 /* CoordinateService.swift */; };
		8EF1FC732467D1F4005C4DE9 /* CoordinateServiceTests.swift in Sources */ = {isa = PBXBuildFile; fileRef = 8EF1FC722467D1F4005C4DE9 /* CoordinateServiceTests.swift */; };
		8EF1FC772467E69D005C4DE9 /* NormalizedCoordinate.swift in Sources */ = {isa = PBXBuildFile; fileRef = 8EF1FC762467E69D005C4DE9 /* NormalizedCoordinate.swift */; };
		8EF491B72B50E979009F12C0 /* SnapDetailView.swift in Sources */ = {isa = PBXBuildFile; fileRef = 8EF491B62B50E979009F12C0 /* SnapDetailView.swift */; };
		8EF491BA2B50ED52009F12C0 /* GalleryRoot.swift in Sources */ = {isa = PBXBuildFile; fileRef = 8EF491B92B50ED52009F12C0 /* GalleryRoot.swift */; };
		8EF491BE2B53BF76009F12C0 /* PhotoGalleryView.swift in Sources */ = {isa = PBXBuildFile; fileRef = 8EF491BD2B53BF76009F12C0 /* PhotoGalleryView.swift */; };
		8EF491C02B53C186009F12C0 /* GridItemView.swift in Sources */ = {isa = PBXBuildFile; fileRef = 8EF491BF2B53C186009F12C0 /* GridItemView.swift */; };
		9F731D7E8625DDA5BFBCA40F /* Pods_SnappyTests.framework in Frameworks */ = {isa = PBXBuildFile; fileRef = F0B92820827DDD98AF1552ED /* Pods_SnappyTests.framework */; };
		DA6B2B3A480BD540BED0A347 /* Pods_Snappy.framework in Frameworks */ = {isa = PBXBuildFile; fileRef = ABBE985568889B6671016687 /* Pods_Snappy.framework */; };
/* End PBXBuildFile section */

/* Begin PBXContainerItemProxy section */
		8E7C7969244BB24600F295AD /* PBXContainerItemProxy */ = {
			isa = PBXContainerItemProxy;
			containerPortal = 8E7C794A244BB24400F295AD /* Project object */;
			proxyType = 1;
			remoteGlobalIDString = 8E7C7951244BB24400F295AD;
			remoteInfo = VeggieTag;
		};
/* End PBXContainerItemProxy section */

/* Begin PBXFileReference section */
		16B02499771113CB93F227D7 /* Pods-SnappyTests.release.xcconfig */ = {isa = PBXFileReference; includeInIndex = 1; lastKnownFileType = text.xcconfig; name = "Pods-SnappyTests.release.xcconfig"; path = "Target Support Files/Pods-SnappyTests/Pods-SnappyTests.release.xcconfig"; sourceTree = "<group>"; };
		1D4AAB6E678B3480FD24F29D /* Pods-VeggieTagTests.release.xcconfig */ = {isa = PBXFileReference; includeInIndex = 1; lastKnownFileType = text.xcconfig; name = "Pods-VeggieTagTests.release.xcconfig"; path = "Target Support Files/Pods-VeggieTagTests/Pods-VeggieTagTests.release.xcconfig"; sourceTree = "<group>"; };
		28A97490184D5ADF4D48D797 /* Pods-SnapPeaTests.release.xcconfig */ = {isa = PBXFileReference; includeInIndex = 1; lastKnownFileType = text.xcconfig; name = "Pods-SnapPeaTests.release.xcconfig"; path = "Target Support Files/Pods-SnapPeaTests/Pods-SnapPeaTests.release.xcconfig"; sourceTree = "<group>"; };
		3F76BDF62650C787DC0E1295 /* Pods-SnapPeaTests.debug.xcconfig */ = {isa = PBXFileReference; includeInIndex = 1; lastKnownFileType = text.xcconfig; name = "Pods-SnapPeaTests.debug.xcconfig"; path = "Target Support Files/Pods-SnapPeaTests/Pods-SnapPeaTests.debug.xcconfig"; sourceTree = "<group>"; };
		6ED3DE204951880052FEF49A /* Pods-Snappy.debug.xcconfig */ = {isa = PBXFileReference; includeInIndex = 1; lastKnownFileType = text.xcconfig; name = "Pods-Snappy.debug.xcconfig"; path = "Target Support Files/Pods-Snappy/Pods-Snappy.debug.xcconfig"; sourceTree = "<group>"; };
		7E69D289800C2D2BA2804ECD /* Pods-VeggieTag.release.xcconfig */ = {isa = PBXFileReference; includeInIndex = 1; lastKnownFileType = text.xcconfig; name = "Pods-VeggieTag.release.xcconfig"; path = "Target Support Files/Pods-VeggieTag/Pods-VeggieTag.release.xcconfig"; sourceTree = "<group>"; };
		8613A4ED0662681AE7A7CC2E /* Pods-VeggieTag.debug.xcconfig */ = {isa = PBXFileReference; includeInIndex = 1; lastKnownFileType = text.xcconfig; name = "Pods-VeggieTag.debug.xcconfig"; path = "Target Support Files/Pods-VeggieTag/Pods-VeggieTag.debug.xcconfig"; sourceTree = "<group>"; };
		8E0A68402C0AF541001E3FF9 /* FirebaseImageLoader.swift */ = {isa = PBXFileReference; lastKnownFileType = sourcecode.swift; path = FirebaseImageLoader.swift; sourceTree = "<group>"; };
		8E1482102B9D5525006C16B5 /* AddPlantViewModel.swift */ = {isa = PBXFileReference; lastKnownFileType = sourcecode.swift; path = AddPlantViewModel.swift; sourceTree = "<group>"; };
		8E1482122B9D5574006C16B5 /* AddSnapToPlantView.swift */ = {isa = PBXFileReference; lastKnownFileType = sourcecode.swift; path = AddSnapToPlantView.swift; sourceTree = "<group>"; };
		8E18A2BD2B4DC43B0083809A /* LocalStore.swift */ = {isa = PBXFileReference; lastKnownFileType = sourcecode.swift; path = LocalStore.swift; sourceTree = "<group>"; };
		8E3684C72B27CE3100B228F3 /* Constants.swift */ = {isa = PBXFileReference; lastKnownFileType = sourcecode.swift; path = Constants.swift; sourceTree = "<group>"; };
		8E3684C92B27D01E00B228F3 /* user.json */ = {isa = PBXFileReference; lastKnownFileType = text.json; path = user.json; sourceTree = "<group>"; };
		8E3684CB2B27DB1300B228F3 /* PlantRow.swift */ = {isa = PBXFileReference; lastKnownFileType = sourcecode.swift; path = PlantRow.swift; sourceTree = "<group>"; };
		8E3684CD2B27DB3F00B228F3 /* PlantRowViewModel.swift */ = {isa = PBXFileReference; lastKnownFileType = sourcecode.swift; path = PlantRowViewModel.swift; sourceTree = "<group>"; };
		8E3684CF2B2AC03500B228F3 /* AuthStore.swift */ = {isa = PBXFileReference; lastKnownFileType = sourcecode.swift; path = AuthStore.swift; sourceTree = "<group>"; };
		8E3684D12B2BF86F00B228F3 /* Store.swift */ = {isa = PBXFileReference; lastKnownFileType = sourcecode.swift; path = Store.swift; sourceTree = "<group>"; };
		8E3684D32B2BFFE100B228F3 /* MockStore.swift */ = {isa = PBXFileReference; lastKnownFileType = sourcecode.swift; path = MockStore.swift; sourceTree = "<group>"; };
		8E3ABEFF244D6FE000FF378B /* ImageLoader.swift */ = {isa = PBXFileReference; lastKnownFileType = sourcecode.swift; path = ImageLoader.swift; sourceTree = "<group>"; };
		8E3ABF01244D704E00FF378B /* AsyncImageView.swift */ = {isa = PBXFileReference; lastKnownFileType = sourcecode.swift; path = AsyncImageView.swift; sourceTree = "<group>"; };
		8E3ABF04244D7D0A00FF378B /* PhotoRow.swift */ = {isa = PBXFileReference; lastKnownFileType = sourcecode.swift; path = PhotoRow.swift; sourceTree = "<group>"; };
		8E3ABF06244D7D4000FF378B /* SnapRow.swift */ = {isa = PBXFileReference; lastKnownFileType = sourcecode.swift; path = SnapRow.swift; sourceTree = "<group>"; };
		8E3ABF09244D7DA300FF378B /* PlantsRoot.swift */ = {isa = PBXFileReference; lastKnownFileType = sourcecode.swift; path = PlantsRoot.swift; sourceTree = "<group>"; };
		8E3ABF0B244D7DB300FF378B /* SnapsListView.swift */ = {isa = PBXFileReference; lastKnownFileType = sourcecode.swift; path = SnapsListView.swift; sourceTree = "<group>"; };
		8E3ABF12244EAD0A00FF378B /* SnapViewModel.swift */ = {isa = PBXFileReference; lastKnownFileType = sourcecode.swift; path = SnapViewModel.swift; sourceTree = "<group>"; };
		8E3ABF14244EB50E00FF378B /* PhotoRowViewModel.swift */ = {isa = PBXFileReference; lastKnownFileType = sourcecode.swift; path = PhotoRowViewModel.swift; sourceTree = "<group>"; };
		8E3ABF16244F83A300FF378B /* PhotoDetailView.swift */ = {isa = PBXFileReference; lastKnownFileType = sourcecode.swift; path = PhotoDetailView.swift; sourceTree = "<group>"; };
		8E3ABF182450009B00FF378B /* SnapOverlayView.swift */ = {isa = PBXFileReference; lastKnownFileType = sourcecode.swift; path = SnapOverlayView.swift; sourceTree = "<group>"; };
		8E3ABF1B2450065000FF378B /* SnapView.swift */ = {isa = PBXFileReference; lastKnownFileType = sourcecode.swift; path = SnapView.swift; sourceTree = "<group>"; };
		8E41C7522BF923F600CF0587 /* OverlayEnvironment.swift */ = {isa = PBXFileReference; lastKnownFileType = sourcecode.swift; path = OverlayEnvironment.swift; sourceTree = "<group>"; };
		8E54C1332B9BBB270020BAAE /* PlantBasicView.swift */ = {isa = PBXFileReference; lastKnownFileType = sourcecode.swift; path = PlantBasicView.swift; sourceTree = "<group>"; };
		8E5D49342BA69C3D00455929 /* LocalStoreTests.swift */ = {isa = PBXFileReference; lastKnownFileType = sourcecode.swift; path = LocalStoreTests.swift; sourceTree = "<group>"; };
		8E5FE326246C774400622DDA /* FirebaseImageService.swift */ = {isa = PBXFileReference; lastKnownFileType = sourcecode.swift; path = FirebaseImageService.swift; sourceTree = "<group>"; };
		8E5FE328246E7B0300622DDA /* HomeView.swift */ = {isa = PBXFileReference; lastKnownFileType = sourcecode.swift; path = HomeView.swift; sourceTree = "<group>"; };
		8E5FE32B246E800A00622DDA /* TabsRouter.swift */ = {isa = PBXFileReference; lastKnownFileType = sourcecode.swift; path = TabsRouter.swift; sourceTree = "<group>"; };
		8E5FE32E2471F96000622DDA /* PhotoEnvironment.swift */ = {isa = PBXFileReference; lastKnownFileType = sourcecode.swift; path = PhotoEnvironment.swift; sourceTree = "<group>"; };
		8E65EEA72D50301100B25349 /* MockAuthService.swift */ = {isa = PBXFileReference; lastKnownFileType = sourcecode.swift; path = MockAuthService.swift; sourceTree = "<group>"; };
		8E74F089244D13F000F5A507 /* Stub.swift */ = {isa = PBXFileReference; fileEncoding = 4; lastKnownFileType = sourcecode.swift; path = Stub.swift; sourceTree = "<group>"; };
		8E74F094244D20C200F5A507 /* CameraRoot.swift */ = {isa = PBXFileReference; lastKnownFileType = sourcecode.swift; path = CameraRoot.swift; sourceTree = "<group>"; };
		8E74F096244D21F500F5A507 /* CaptureImageView.swift */ = {isa = PBXFileReference; lastKnownFileType = sourcecode.swift; path = CaptureImageView.swift; sourceTree = "<group>"; };
		8E74F099244D241000F5A507 /* ImagePickerCoordinator.swift */ = {isa = PBXFileReference; lastKnownFileType = sourcecode.swift; path = ImagePickerCoordinator.swift; sourceTree = "<group>"; };
		8E74F09B244D29EC00F5A507 /* README.md */ = {isa = PBXFileReference; lastKnownFileType = net.daringfireball.markdown; path = README.md; sourceTree = "<group>"; };
		8E74F09F244D393800F5A507 /* snapData.json */ = {isa = PBXFileReference; lastKnownFileType = text.json; path = snapData.json; sourceTree = "<group>"; };
		8E74F0A1244D39E000F5A507 /* photoData.json */ = {isa = PBXFileReference; lastKnownFileType = text.json; path = photoData.json; sourceTree = "<group>"; };
		8E74F0A3244D5A3400F5A507 /* Snap.swift */ = {isa = PBXFileReference; lastKnownFileType = sourcecode.swift; path = Snap.swift; sourceTree = "<group>"; };
		8E74F0A5244D5AE600F5A507 /* Photo.swift */ = {isa = PBXFileReference; lastKnownFileType = sourcecode.swift; path = Photo.swift; sourceTree = "<group>"; };
		8E7C7952244BB24400F295AD /* Snappy.app */ = {isa = PBXFileReference; explicitFileType = wrapper.application; includeInIndex = 0; path = Snappy.app; sourceTree = BUILT_PRODUCTS_DIR; };
		8E7C7955244BB24400F295AD /* AppDelegate.swift */ = {isa = PBXFileReference; lastKnownFileType = sourcecode.swift; path = AppDelegate.swift; sourceTree = "<group>"; };
		8E7C7957244BB24400F295AD /* SceneDelegate.swift */ = {isa = PBXFileReference; lastKnownFileType = sourcecode.swift; path = SceneDelegate.swift; sourceTree = "<group>"; };
		8E7C7959244BB24400F295AD /* ContentView.swift */ = {isa = PBXFileReference; lastKnownFileType = sourcecode.swift; path = ContentView.swift; sourceTree = "<group>"; };
		8E7C795B244BB24600F295AD /* Assets.xcassets */ = {isa = PBXFileReference; lastKnownFileType = folder.assetcatalog; path = Assets.xcassets; sourceTree = "<group>"; };
		8E7C795E244BB24600F295AD /* Preview Assets.xcassets */ = {isa = PBXFileReference; lastKnownFileType = folder.assetcatalog; path = "Preview Assets.xcassets"; sourceTree = "<group>"; };
		8E7C7961244BB24600F295AD /* Base */ = {isa = PBXFileReference; lastKnownFileType = file.storyboard; name = Base; path = Base.lproj/LaunchScreen.storyboard; sourceTree = "<group>"; };
		8E7C7963244BB24600F295AD /* Info.plist */ = {isa = PBXFileReference; lastKnownFileType = text.plist.xml; path = Info.plist; sourceTree = "<group>"; };
		8E7C7968244BB24600F295AD /* SnappyTests.xctest */ = {isa = PBXFileReference; explicitFileType = wrapper.cfbundle; includeInIndex = 0; path = SnappyTests.xctest; sourceTree = BUILT_PRODUCTS_DIR; };
		8E7C796C244BB24600F295AD /* VeggieTagTests.swift */ = {isa = PBXFileReference; lastKnownFileType = sourcecode.swift; path = VeggieTagTests.swift; sourceTree = "<group>"; };
		8E7C796E244BB24600F295AD /* Info.plist */ = {isa = PBXFileReference; lastKnownFileType = text.plist.xml; path = Info.plist; sourceTree = "<group>"; };
		8E87C5C7245EA1B100482678 /* LoginViewModel.swift */ = {isa = PBXFileReference; lastKnownFileType = sourcecode.swift; path = LoginViewModel.swift; sourceTree = "<group>"; };
		8E9786BD2B3E8DDC00AD875D /* AddPlantView.swift */ = {isa = PBXFileReference; lastKnownFileType = sourcecode.swift; path = AddPlantView.swift; sourceTree = "<group>"; };
		8E9E7D9F2B413D8900E9DF27 /* PlantGalleryView.swift */ = {isa = PBXFileReference; lastKnownFileType = sourcecode.swift; path = PlantGalleryView.swift; sourceTree = "<group>"; };
		8EB00F742B735DEE009C8FE4 /* GoogleService-Info-dev.plist */ = {isa = PBXFileReference; fileEncoding = 4; lastKnownFileType = text.plist.xml; path = "GoogleService-Info-dev.plist"; sourceTree = "<group>"; };
		8EBE543F2C0033B300490C24 /* PlantsListView.swift */ = {isa = PBXFileReference; lastKnownFileType = sourcecode.swift; path = PlantsListView.swift; sourceTree = "<group>"; };
		8EC10BFE245F2EC7004D92EC /* User.swift */ = {isa = PBXFileReference; lastKnownFileType = sourcecode.swift; path = User.swift; sourceTree = "<group>"; };
		8EC393B22BFAEF52001D1066 /* Router.swift */ = {isa = PBXFileReference; lastKnownFileType = sourcecode.swift; path = Router.swift; sourceTree = "<group>"; };
		8EC393B42BFBBC82001D1066 /* SnapEditView.swift */ = {isa = PBXFileReference; lastKnownFileType = sourcecode.swift; path = SnapEditView.swift; sourceTree = "<group>"; };
		8EC417252BAE964F0076DC1C /* AddImageHelperLayer.swift */ = {isa = PBXFileReference; lastKnownFileType = sourcecode.swift; path = AddImageHelperLayer.swift; sourceTree = "<group>"; };
		8EC43E6A2C18D65600A5BCE4 /* PlantsListViewModel.swift */ = {isa = PBXFileReference; lastKnownFileType = sourcecode.swift; path = PlantsListViewModel.swift; sourceTree = "<group>"; };
		8EC86BF82454E81D00AB2F92 /* ImageStore.swift */ = {isa = PBXFileReference; lastKnownFileType = sourcecode.swift; path = ImageStore.swift; sourceTree = "<group>"; };
		8EC86BFA245503CC00AB2F92 /* SnapOverlayViewModel.swift */ = {isa = PBXFileReference; lastKnownFileType = sourcecode.swift; path = SnapOverlayViewModel.swift; sourceTree = "<group>"; };
		8EC86BFE245613B900AB2F92 /* SnapsListViewModel.swift */ = {isa = PBXFileReference; lastKnownFileType = sourcecode.swift; path = SnapsListViewModel.swift; sourceTree = "<group>"; };
		8EC86C002456234700AB2F92 /* ImageCache.swift */ = {isa = PBXFileReference; lastKnownFileType = sourcecode.swift; path = ImageCache.swift; sourceTree = "<group>"; };
		8EE11200244CF0F200693609 /* Plant.swift */ = {isa = PBXFileReference; lastKnownFileType = sourcecode.swift; path = Plant.swift; sourceTree = "<group>"; };
		8EE11202244CF26B00693609 /* plantData.json */ = {isa = PBXFileReference; lastKnownFileType = text.json; path = plantData.json; sourceTree = "<group>"; };
		8EE709CE2B54056C0078D509 /* FirebaseStore.swift */ = {isa = PBXFileReference; lastKnownFileType = sourcecode.swift; path = FirebaseStore.swift; sourceTree = "<group>"; };
		8EF0B70C24691940001C9CD8 /* DragView.swift */ = {isa = PBXFileReference; lastKnownFileType = sourcecode.swift; path = DragView.swift; sourceTree = "<group>"; };
		8EF0B70E24691A0C001C9CD8 /* DragViewModel.swift */ = {isa = PBXFileReference; lastKnownFileType = sourcecode.swift; path = DragViewModel.swift; sourceTree = "<group>"; };
		8EF1FC6E24675AF2005C4DE9 /* SnapViewModelTests.swift */ = {isa = PBXFileReference; lastKnownFileType = sourcecode.swift; path = SnapViewModelTests.swift; sourceTree = "<group>"; };
		8EF1FC702467C4AF005C4DE9 /* CoordinateService.swift */ = {isa = PBXFileReference; lastKnownFileType = sourcecode.swift; path = CoordinateService.swift; sourceTree = "<group>"; };
		8EF1FC722467D1F4005C4DE9 /* CoordinateServiceTests.swift */ = {isa = PBXFileReference; lastKnownFileType = sourcecode.swift; path = CoordinateServiceTests.swift; sourceTree = "<group>"; };
		8EF1FC762467E69D005C4DE9 /* NormalizedCoordinate.swift */ = {isa = PBXFileReference; lastKnownFileType = sourcecode.swift; path = NormalizedCoordinate.swift; sourceTree = "<group>"; };
		8EF491B62B50E979009F12C0 /* SnapDetailView.swift */ = {isa = PBXFileReference; lastKnownFileType = sourcecode.swift; path = SnapDetailView.swift; sourceTree = "<group>"; };
		8EF491B92B50ED52009F12C0 /* GalleryRoot.swift */ = {isa = PBXFileReference; lastKnownFileType = sourcecode.swift; path = GalleryRoot.swift; sourceTree = "<group>"; };
		8EF491BD2B53BF76009F12C0 /* PhotoGalleryView.swift */ = {isa = PBXFileReference; lastKnownFileType = sourcecode.swift; path = PhotoGalleryView.swift; sourceTree = "<group>"; };
		8EF491BF2B53C186009F12C0 /* GridItemView.swift */ = {isa = PBXFileReference; fileEncoding = 4; lastKnownFileType = sourcecode.swift; path = GridItemView.swift; sourceTree = "<group>"; };
		939F718EB150763927B63820 /* Pods-SnapPea.release.xcconfig */ = {isa = PBXFileReference; includeInIndex = 1; lastKnownFileType = text.xcconfig; name = "Pods-SnapPea.release.xcconfig"; path = "Target Support Files/Pods-SnapPea/Pods-SnapPea.release.xcconfig"; sourceTree = "<group>"; };
		9B5A26874D5CE1C43BC9C171 /* Pods-SnapPea.debug.xcconfig */ = {isa = PBXFileReference; includeInIndex = 1; lastKnownFileType = text.xcconfig; name = "Pods-SnapPea.debug.xcconfig"; path = "Target Support Files/Pods-SnapPea/Pods-SnapPea.debug.xcconfig"; sourceTree = "<group>"; };
		A6E6F5742B7706DAB9651E09 /* Pods-Snappy.release.xcconfig */ = {isa = PBXFileReference; includeInIndex = 1; lastKnownFileType = text.xcconfig; name = "Pods-Snappy.release.xcconfig"; path = "Target Support Files/Pods-Snappy/Pods-Snappy.release.xcconfig"; sourceTree = "<group>"; };
		ABBE985568889B6671016687 /* Pods_Snappy.framework */ = {isa = PBXFileReference; explicitFileType = wrapper.framework; includeInIndex = 0; path = Pods_Snappy.framework; sourceTree = BUILT_PRODUCTS_DIR; };
		B4C6048CE12BF6253A5CF2EE /* Pods-VeggieTagTests.debug.xcconfig */ = {isa = PBXFileReference; includeInIndex = 1; lastKnownFileType = text.xcconfig; name = "Pods-VeggieTagTests.debug.xcconfig"; path = "Target Support Files/Pods-VeggieTagTests/Pods-VeggieTagTests.debug.xcconfig"; sourceTree = "<group>"; };
		D98BD09037C17633CD8B969F /* Pods-SnappyTests.debug.xcconfig */ = {isa = PBXFileReference; includeInIndex = 1; lastKnownFileType = text.xcconfig; name = "Pods-SnappyTests.debug.xcconfig"; path = "Target Support Files/Pods-SnappyTests/Pods-SnappyTests.debug.xcconfig"; sourceTree = "<group>"; };
		F0B92820827DDD98AF1552ED /* Pods_SnappyTests.framework */ = {isa = PBXFileReference; explicitFileType = wrapper.framework; includeInIndex = 0; path = Pods_SnappyTests.framework; sourceTree = BUILT_PRODUCTS_DIR; };
/* End PBXFileReference section */

/* Begin PBXFrameworksBuildPhase section */
		8E7C794F244BB24400F295AD /* Frameworks */ = {
			isa = PBXFrameworksBuildPhase;
			buildActionMask = 2147483647;
			files = (
				DA6B2B3A480BD540BED0A347 /* Pods_Snappy.framework in Frameworks */,
			);
			runOnlyForDeploymentPostprocessing = 0;
		};
		8E7C7965244BB24600F295AD /* Frameworks */ = {
			isa = PBXFrameworksBuildPhase;
			buildActionMask = 2147483647;
			files = (
				9F731D7E8625DDA5BFBCA40F /* Pods_SnappyTests.framework in Frameworks */,
			);
			runOnlyForDeploymentPostprocessing = 0;
		};
/* End PBXFrameworksBuildPhase section */

/* Begin PBXGroup section */
		0B1901397A02D44FCF8606A5 /* Frameworks */ = {
			isa = PBXGroup;
			children = (
				ABBE985568889B6671016687 /* Pods_Snappy.framework */,
				F0B92820827DDD98AF1552ED /* Pods_SnappyTests.framework */,
			);
			name = Frameworks;
			sourceTree = "<group>";
		};
		8E057AAE2B85D9B9005A46E6 /* Environment */ = {
			isa = PBXGroup;
			children = (
				8E5FE32B246E800A00622DDA /* TabsRouter.swift */,
				8E5FE32E2471F96000622DDA /* PhotoEnvironment.swift */,
				8E41C7522BF923F600CF0587 /* OverlayEnvironment.swift */,
				8EC393B22BFAEF52001D1066 /* Router.swift */,
			);
			path = Environment;
			sourceTree = "<group>";
		};
		8E18A2BA2B4DC3C60083809A /* Protocols */ = {
			isa = PBXGroup;
			children = (
				8E3684D12B2BF86F00B228F3 /* Store.swift */,
			);
			path = Protocols;
			sourceTree = "<group>";
		};
		8E3684C42B27CC3700B228F3 /* Stubs */ = {
			isa = PBXGroup;
			children = (
				8E74F089244D13F000F5A507 /* Stub.swift */,
				8E3684D32B2BFFE100B228F3 /* MockStore.swift */,
				8E65EEA72D50301100B25349 /* MockAuthService.swift */,
			);
			path = Stubs;
			sourceTree = "<group>";
		};
		8E3ABEFC244D6A9E00FF378B /* Services */ = {
			isa = PBXGroup;
			children = (
				8E3ABF01244D704E00FF378B /* AsyncImageView.swift */,
				8EC86BF82454E81D00AB2F92 /* ImageStore.swift */,
				8E3ABEFF244D6FE000FF378B /* ImageLoader.swift */,
				8EC86C002456234700AB2F92 /* ImageCache.swift */,
				8EF1FC702467C4AF005C4DE9 /* CoordinateService.swift */,
				8E5FE326246C774400622DDA /* FirebaseImageService.swift */,
				8E3684CF2B2AC03500B228F3 /* AuthStore.swift */,
				8E18A2BD2B4DC43B0083809A /* LocalStore.swift */,
				8EE709CE2B54056C0078D509 /* FirebaseStore.swift */,
				8E0A68402C0AF541001E3FF9 /* FirebaseImageLoader.swift */,
			);
			path = Services;
			sourceTree = "<group>";
		};
		8E3ABF03244D7CF100FF378B /* Cells */ = {
			isa = PBXGroup;
			children = (
				8E3ABF04244D7D0A00FF378B /* PhotoRow.swift */,
				8E3ABF06244D7D4000FF378B /* SnapRow.swift */,
				8E3684CB2B27DB1300B228F3 /* PlantRow.swift */,
			);
			path = Cells;
			sourceTree = "<group>";
		};
		8E3ABF08244D7D9400FF378B /* Plants */ = {
			isa = PBXGroup;
			children = (
				8E3ABF09244D7DA300FF378B /* PlantsRoot.swift */,
			);
			path = Plants;
			sourceTree = "<group>";
		};
		8E3ABF0F244EAC6E00FF378B /* ViewModels */ = {
			isa = PBXGroup;
			children = (
				8E3ABF14244EB50E00FF378B /* PhotoRowViewModel.swift */,
				8E3684CD2B27DB3F00B228F3 /* PlantRowViewModel.swift */,
				8E3ABF12244EAD0A00FF378B /* SnapViewModel.swift */,
				8EF0B70E24691A0C001C9CD8 /* DragViewModel.swift */,
				8E87C5C7245EA1B100482678 /* LoginViewModel.swift */,
				8EC86BFA245503CC00AB2F92 /* SnapOverlayViewModel.swift */,
				8EC86BFE245613B900AB2F92 /* SnapsListViewModel.swift */,
				8E1482102B9D5525006C16B5 /* AddPlantViewModel.swift */,
				8EC43E6A2C18D65600A5BCE4 /* PlantsListViewModel.swift */,
			);
			path = ViewModels;
			sourceTree = "<group>";
		};
		8E3ABF1A245000A700FF378B /* SnapView */ = {
			isa = PBXGroup;
			children = (
				8E3ABF1B2450065000FF378B /* SnapView.swift */,
				8EF0B70C24691940001C9CD8 /* DragView.swift */,
			);
			path = SnapView;
			sourceTree = "<group>";
		};
		8E5FE32A246E7FEA00622DDA /* Home Tabs */ = {
			isa = PBXGroup;
			children = (
				8E5FE328246E7B0300622DDA /* HomeView.swift */,
				8E3ABF08244D7D9400FF378B /* Plants */,
				8EF491B82B50ED1F009F12C0 /* Gallery */,
				8E74F098244D229200F5A507 /* Camera */,
			);
			path = "Home Tabs";
			sourceTree = "<group>";
		};
		8E74F091244D1B7000F5A507 /* Models */ = {
			isa = PBXGroup;
			children = (
				8EE11200244CF0F200693609 /* Plant.swift */,
				8E74F0A3244D5A3400F5A507 /* Snap.swift */,
				8E74F0A5244D5AE600F5A507 /* Photo.swift */,
				8EC10BFE245F2EC7004D92EC /* User.swift */,
				8EF1FC762467E69D005C4DE9 /* NormalizedCoordinate.swift */,
			);
			path = Models;
			sourceTree = "<group>";
		};
		8E74F092244D1B7800F5A507 /* Views */ = {
			isa = PBXGroup;
			children = (
				8E54C1332B9BBB270020BAAE /* PlantBasicView.swift */,
				8EBE543B2C00333800490C24 /* Plants */,
				8EBE543C2C00334F00490C24 /* Snaps */,
				8EC393B42BFBBC82001D1066 /* SnapEditView.swift */,
				8EF491B62B50E979009F12C0 /* SnapDetailView.swift */,
				8E1482122B9D5574006C16B5 /* AddSnapToPlantView.swift */,
				8E5FE32A246E7FEA00622DDA /* Home Tabs */,
				8EF0B710246A6D95001C9CD8 /* PhotoDetail */,
				8E3ABF03244D7CF100FF378B /* Cells */,
				8EF491BD2B53BF76009F12C0 /* PhotoGalleryView.swift */,
				8EF491BF2B53C186009F12C0 /* GridItemView.swift */,
			);
			path = Views;
			sourceTree = "<group>";
		};
		8E74F093244D1B9700F5A507 /* Resources */ = {
			isa = PBXGroup;
			children = (
				8EB00F742B735DEE009C8FE4 /* GoogleService-Info-dev.plist */,
				8EE11202244CF26B00693609 /* plantData.json */,
				8E74F09F244D393800F5A507 /* snapData.json */,
				8E74F0A1244D39E000F5A507 /* photoData.json */,
				8E3684C92B27D01E00B228F3 /* user.json */,
			);
			path = Resources;
			sourceTree = "<group>";
		};
		8E74F098244D229200F5A507 /* Camera */ = {
			isa = PBXGroup;
			children = (
				8E74F094244D20C200F5A507 /* CameraRoot.swift */,
				8EC417252BAE964F0076DC1C /* AddImageHelperLayer.swift */,
				8E74F096244D21F500F5A507 /* CaptureImageView.swift */,
				8E74F099244D241000F5A507 /* ImagePickerCoordinator.swift */,
			);
			path = Camera;
			sourceTree = "<group>";
		};
		8E7C7949244BB24400F295AD = {
			isa = PBXGroup;
			children = (
				8E74F09B244D29EC00F5A507 /* README.md */,
				8E7C7954244BB24400F295AD /* Snappy */,
				8E7C796B244BB24600F295AD /* SnappyTests */,
				8E7C7953244BB24400F295AD /* Products */,
				F15071D35029D35DBA11F786 /* Pods */,
				0B1901397A02D44FCF8606A5 /* Frameworks */,
			);
			sourceTree = "<group>";
		};
		8E7C7953244BB24400F295AD /* Products */ = {
			isa = PBXGroup;
			children = (
				8E7C7952244BB24400F295AD /* Snappy.app */,
				8E7C7968244BB24600F295AD /* SnappyTests.xctest */,
			);
			name = Products;
			sourceTree = "<group>";
		};
		8E7C7954244BB24400F295AD /* Snappy */ = {
			isa = PBXGroup;
			children = (
				8E057AAE2B85D9B9005A46E6 /* Environment */,
				8E18A2BA2B4DC3C60083809A /* Protocols */,
				8E3684C42B27CC3700B228F3 /* Stubs */,
				8E74F091244D1B7000F5A507 /* Models */,
				8E3ABF0F244EAC6E00FF378B /* ViewModels */,
				8E3ABEFC244D6A9E00FF378B /* Services */,
				8E74F092244D1B7800F5A507 /* Views */,
				8E7C7955244BB24400F295AD /* AppDelegate.swift */,
				8E7C7957244BB24400F295AD /* SceneDelegate.swift */,
				8E7C7959244BB24400F295AD /* ContentView.swift */,
				8E3684C72B27CE3100B228F3 /* Constants.swift */,
				8E74F093244D1B9700F5A507 /* Resources */,
				8E7C795B244BB24600F295AD /* Assets.xcassets */,
				8E7C7960244BB24600F295AD /* LaunchScreen.storyboard */,
				8E7C7963244BB24600F295AD /* Info.plist */,
				8E7C795D244BB24600F295AD /* Preview Content */,
			);
			path = Snappy;
			sourceTree = "<group>";
		};
		8E7C795D244BB24600F295AD /* Preview Content */ = {
			isa = PBXGroup;
			children = (
				8E7C795E244BB24600F295AD /* Preview Assets.xcassets */,
			);
			path = "Preview Content";
			sourceTree = "<group>";
		};
		8E7C796B244BB24600F295AD /* SnappyTests */ = {
			isa = PBXGroup;
			children = (
				8E7C796C244BB24600F295AD /* VeggieTagTests.swift */,
				8EF1FC6E24675AF2005C4DE9 /* SnapViewModelTests.swift */,
				8E5D49342BA69C3D00455929 /* LocalStoreTests.swift */,
				8E7C796E244BB24600F295AD /* Info.plist */,
				8EF1FC722467D1F4005C4DE9 /* CoordinateServiceTests.swift */,
			);
			path = SnappyTests;
			sourceTree = "<group>";
		};
		8EBE543B2C00333800490C24 /* Plants */ = {
			isa = PBXGroup;
			children = (
				8E9E7D9F2B413D8900E9DF27 /* PlantGalleryView.swift */,
				8E9786BD2B3E8DDC00AD875D /* AddPlantView.swift */,
				8EBE543F2C0033B300490C24 /* PlantsListView.swift */,
			);
			path = Plants;
			sourceTree = "<group>";
		};
		8EBE543C2C00334F00490C24 /* Snaps */ = {
			isa = PBXGroup;
			children = (
				8E3ABF1A245000A700FF378B /* SnapView */,
			);
			path = Snaps;
			sourceTree = "<group>";
		};
		8EF0B710246A6D95001C9CD8 /* PhotoDetail */ = {
			isa = PBXGroup;
			children = (
				8E3ABF16244F83A300FF378B /* PhotoDetailView.swift */,
				8E3ABF182450009B00FF378B /* SnapOverlayView.swift */,
				8E3ABF0B244D7DB300FF378B /* SnapsListView.swift */,
			);
			path = PhotoDetail;
			sourceTree = "<group>";
		};
		8EF491B82B50ED1F009F12C0 /* Gallery */ = {
			isa = PBXGroup;
			children = (
				8EF491B92B50ED52009F12C0 /* GalleryRoot.swift */,
			);
			path = Gallery;
			sourceTree = "<group>";
		};
		F15071D35029D35DBA11F786 /* Pods */ = {
			isa = PBXGroup;
			children = (
				8613A4ED0662681AE7A7CC2E /* Pods-VeggieTag.debug.xcconfig */,
				7E69D289800C2D2BA2804ECD /* Pods-VeggieTag.release.xcconfig */,
				B4C6048CE12BF6253A5CF2EE /* Pods-VeggieTagTests.debug.xcconfig */,
				1D4AAB6E678B3480FD24F29D /* Pods-VeggieTagTests.release.xcconfig */,
				9B5A26874D5CE1C43BC9C171 /* Pods-SnapPea.debug.xcconfig */,
				939F718EB150763927B63820 /* Pods-SnapPea.release.xcconfig */,
				3F76BDF62650C787DC0E1295 /* Pods-SnapPeaTests.debug.xcconfig */,
				28A97490184D5ADF4D48D797 /* Pods-SnapPeaTests.release.xcconfig */,
				6ED3DE204951880052FEF49A /* Pods-Snappy.debug.xcconfig */,
				A6E6F5742B7706DAB9651E09 /* Pods-Snappy.release.xcconfig */,
				D98BD09037C17633CD8B969F /* Pods-SnappyTests.debug.xcconfig */,
				16B02499771113CB93F227D7 /* Pods-SnappyTests.release.xcconfig */,
			);
			path = Pods;
			sourceTree = "<group>";
		};
/* End PBXGroup section */

/* Begin PBXNativeTarget section */
		8E7C7951244BB24400F295AD /* Snappy */ = {
			isa = PBXNativeTarget;
			buildConfigurationList = 8E7C7971244BB24600F295AD /* Build configuration list for PBXNativeTarget "Snappy" */;
			buildPhases = (
				A2D0B4ED918788FFF0C509AC /* [CP] Check Pods Manifest.lock */,
				8E7C794E244BB24400F295AD /* Sources */,
				8E7C794F244BB24400F295AD /* Frameworks */,
				8E7C7950244BB24400F295AD /* Resources */,
				A68CFCA01D5C906B5335033E /* [CP] Embed Pods Frameworks */,
			);
			buildRules = (
			);
			dependencies = (
			);
			name = Snappy;
			productName = VeggieTag;
			productReference = 8E7C7952244BB24400F295AD /* Snappy.app */;
			productType = "com.apple.product-type.application";
		};
		8E7C7967244BB24600F295AD /* SnappyTests */ = {
			isa = PBXNativeTarget;
			buildConfigurationList = 8E7C7974244BB24600F295AD /* Build configuration list for PBXNativeTarget "SnappyTests" */;
			buildPhases = (
				24DF00EBB2AD9D06F62197D7 /* [CP] Check Pods Manifest.lock */,
				8E7C7964244BB24600F295AD /* Sources */,
				8E7C7965244BB24600F295AD /* Frameworks */,
				8E7C7966244BB24600F295AD /* Resources */,
			);
			buildRules = (
			);
			dependencies = (
				8E7C796A244BB24600F295AD /* PBXTargetDependency */,
			);
			name = SnappyTests;
			productName = VeggieTagTests;
			productReference = 8E7C7968244BB24600F295AD /* SnappyTests.xctest */;
			productType = "com.apple.product-type.bundle.unit-test";
		};
/* End PBXNativeTarget section */

/* Begin PBXProject section */
		8E7C794A244BB24400F295AD /* Project object */ = {
			isa = PBXProject;
			attributes = {
				LastSwiftUpdateCheck = 1120;
				LastUpgradeCheck = 1120;
				ORGANIZATIONNAME = "RenderApps LLC";
				TargetAttributes = {
					8E7C7951244BB24400F295AD = {
						CreatedOnToolsVersion = 11.2.1;
					};
					8E7C7967244BB24600F295AD = {
						CreatedOnToolsVersion = 11.2.1;
						TestTargetID = 8E7C7951244BB24400F295AD;
					};
				};
			};
			buildConfigurationList = 8E7C794D244BB24400F295AD /* Build configuration list for PBXProject "Snappy" */;
			compatibilityVersion = "Xcode 9.3";
			developmentRegion = en;
			hasScannedForEncodings = 0;
			knownRegions = (
				en,
				Base,
			);
			mainGroup = 8E7C7949244BB24400F295AD;
			productRefGroup = 8E7C7953244BB24400F295AD /* Products */;
			projectDirPath = "";
			projectRoot = "";
			targets = (
				8E7C7951244BB24400F295AD /* Snappy */,
				8E7C7967244BB24600F295AD /* SnappyTests */,
			);
		};
/* End PBXProject section */

/* Begin PBXResourcesBuildPhase section */
		8E7C7950244BB24400F295AD /* Resources */ = {
			isa = PBXResourcesBuildPhase;
			buildActionMask = 2147483647;
			files = (
				8E7C7962244BB24600F295AD /* LaunchScreen.storyboard in Resources */,
				8E7C795F244BB24600F295AD /* Preview Assets.xcassets in Resources */,
				8E74F09C244D29EC00F5A507 /* README.md in Resources */,
				8E74F0A2244D39E000F5A507 /* photoData.json in Resources */,
				8EE11203244CF26B00693609 /* plantData.json in Resources */,
				8E3684CA2B27D01E00B228F3 /* user.json in Resources */,
				8EB00F752B735DEE009C8FE4 /* GoogleService-Info-dev.plist in Resources */,
				8E74F0A0244D393800F5A507 /* snapData.json in Resources */,
				8E7C795C244BB24600F295AD /* Assets.xcassets in Resources */,
			);
			runOnlyForDeploymentPostprocessing = 0;
		};
		8E7C7966244BB24600F295AD /* Resources */ = {
			isa = PBXResourcesBuildPhase;
			buildActionMask = 2147483647;
			files = (
			);
			runOnlyForDeploymentPostprocessing = 0;
		};
/* End PBXResourcesBuildPhase section */

/* Begin PBXShellScriptBuildPhase section */
		24DF00EBB2AD9D06F62197D7 /* [CP] Check Pods Manifest.lock */ = {
			isa = PBXShellScriptBuildPhase;
			buildActionMask = 2147483647;
			files = (
			);
			inputFileListPaths = (
			);
			inputPaths = (
				"${PODS_PODFILE_DIR_PATH}/Podfile.lock",
				"${PODS_ROOT}/Manifest.lock",
			);
			name = "[CP] Check Pods Manifest.lock";
			outputFileListPaths = (
			);
			outputPaths = (
				"$(DERIVED_FILE_DIR)/Pods-SnappyTests-checkManifestLockResult.txt",
			);
			runOnlyForDeploymentPostprocessing = 0;
			shellPath = /bin/sh;
			shellScript = "diff \"${PODS_PODFILE_DIR_PATH}/Podfile.lock\" \"${PODS_ROOT}/Manifest.lock\" > /dev/null\nif [ $? != 0 ] ; then\n    # print error to STDERR\n    echo \"error: The sandbox is not in sync with the Podfile.lock. Run 'pod install' or update your CocoaPods installation.\" >&2\n    exit 1\nfi\n# This output is used by Xcode 'outputs' to avoid re-running this script phase.\necho \"SUCCESS\" > \"${SCRIPT_OUTPUT_FILE_0}\"\n";
			showEnvVarsInLog = 0;
		};
		A2D0B4ED918788FFF0C509AC /* [CP] Check Pods Manifest.lock */ = {
			isa = PBXShellScriptBuildPhase;
			buildActionMask = 2147483647;
			files = (
			);
			inputFileListPaths = (
			);
			inputPaths = (
				"${PODS_PODFILE_DIR_PATH}/Podfile.lock",
				"${PODS_ROOT}/Manifest.lock",
			);
			name = "[CP] Check Pods Manifest.lock";
			outputFileListPaths = (
			);
			outputPaths = (
				"$(DERIVED_FILE_DIR)/Pods-Snappy-checkManifestLockResult.txt",
			);
			runOnlyForDeploymentPostprocessing = 0;
			shellPath = /bin/sh;
			shellScript = "diff \"${PODS_PODFILE_DIR_PATH}/Podfile.lock\" \"${PODS_ROOT}/Manifest.lock\" > /dev/null\nif [ $? != 0 ] ; then\n    # print error to STDERR\n    echo \"error: The sandbox is not in sync with the Podfile.lock. Run 'pod install' or update your CocoaPods installation.\" >&2\n    exit 1\nfi\n# This output is used by Xcode 'outputs' to avoid re-running this script phase.\necho \"SUCCESS\" > \"${SCRIPT_OUTPUT_FILE_0}\"\n";
			showEnvVarsInLog = 0;
		};
		A68CFCA01D5C906B5335033E /* [CP] Embed Pods Frameworks */ = {
			isa = PBXShellScriptBuildPhase;
			buildActionMask = 2147483647;
			files = (
			);
			inputFileListPaths = (
				"${PODS_ROOT}/Target Support Files/Pods-Snappy/Pods-Snappy-frameworks-${CONFIGURATION}-input-files.xcfilelist",
			);
			name = "[CP] Embed Pods Frameworks";
			outputFileListPaths = (
				"${PODS_ROOT}/Target Support Files/Pods-Snappy/Pods-Snappy-frameworks-${CONFIGURATION}-output-files.xcfilelist",
			);
			runOnlyForDeploymentPostprocessing = 0;
			shellPath = /bin/sh;
			shellScript = "\"${PODS_ROOT}/Target Support Files/Pods-Snappy/Pods-Snappy-frameworks.sh\"\n";
			showEnvVarsInLog = 0;
		};
/* End PBXShellScriptBuildPhase section */

/* Begin PBXSourcesBuildPhase section */
		8E7C794E244BB24400F295AD /* Sources */ = {
			isa = PBXSourcesBuildPhase;
			buildActionMask = 2147483647;
			files = (
				8E74F0A4244D5A3400F5A507 /* Snap.swift in Sources */,
				8E9786BE2B3E8DDC00AD875D /* AddPlantView.swift in Sources */,
				8EF0B70F24691A0C001C9CD8 /* DragViewModel.swift in Sources */,
				8EC43E6B2C18D65600A5BCE4 /* PlantsListViewModel.swift in Sources */,
				8E74F095244D20C200F5A507 /* CameraRoot.swift in Sources */,
				8E3ABF13244EAD0A00FF378B /* SnapViewModel.swift in Sources */,
				8E3ABF00244D6FE000FF378B /* ImageLoader.swift in Sources */,
				8E3684CE2B27DB3F00B228F3 /* PlantRowViewModel.swift in Sources */,
				8E0A68412C0AF541001E3FF9 /* FirebaseImageLoader.swift in Sources */,
				8E7C7956244BB24400F295AD /* AppDelegate.swift in Sources */,
				8E5FE327246C774400622DDA /* FirebaseImageService.swift in Sources */,
				8EC393B52BFBBC82001D1066 /* SnapEditView.swift in Sources */,
				8E3ABF05244D7D0A00FF378B /* PhotoRow.swift in Sources */,
				8E3ABF1C2450065000FF378B /* SnapView.swift in Sources */,
				8EE709CF2B54056C0078D509 /* FirebaseStore.swift in Sources */,
				8E3684D42B2BFFE100B228F3 /* MockStore.swift in Sources */,
				8EBE54402C0033B300490C24 /* PlantsListView.swift in Sources */,
				8E3684D02B2AC03500B228F3 /* AuthStore.swift in Sources */,
				8E9E7DA02B413D8900E9DF27 /* PlantGalleryView.swift in Sources */,
				8E3ABF0A244D7DA300FF378B /* PlantsRoot.swift in Sources */,
				8E41C7532BF923F600CF0587 /* OverlayEnvironment.swift in Sources */,
				8EC10BFF245F2EC7004D92EC /* User.swift in Sources */,
				8E3684CC2B27DB1300B228F3 /* PlantRow.swift in Sources */,
				8E74F09A244D241000F5A507 /* ImagePickerCoordinator.swift in Sources */,
				8E74F08A244D13F000F5A507 /* Stub.swift in Sources */,
				8EF1FC712467C4AF005C4DE9 /* CoordinateService.swift in Sources */,
				8EF1FC772467E69D005C4DE9 /* NormalizedCoordinate.swift in Sources */,
				8E5FE329246E7B0300622DDA /* HomeView.swift in Sources */,
				8EC393B32BFAEF52001D1066 /* Router.swift in Sources */,
				8E74F0A6244D5AE600F5A507 /* Photo.swift in Sources */,
				8EC86C012456234700AB2F92 /* ImageCache.swift in Sources */,
				8E1482112B9D5525006C16B5 /* AddPlantViewModel.swift in Sources */,
				8E5FE32C246E800A00622DDA /* TabsRouter.swift in Sources */,
				8EF491BE2B53BF76009F12C0 /* PhotoGalleryView.swift in Sources */,
				8E5FE32F2471F96000622DDA /* PhotoEnvironment.swift in Sources */,
				8E3ABF15244EB50E00FF378B /* PhotoRowViewModel.swift in Sources */,
				8E65EEA82D50301100B25349 /* MockAuthService.swift in Sources */,
				8E3684C82B27CE3100B228F3 /* Constants.swift in Sources */,
				8E74F097244D21F500F5A507 /* CaptureImageView.swift in Sources */,
				8EC417262BAE964F0076DC1C /* AddImageHelperLayer.swift in Sources */,
				8E87C5C8245EA1B100482678 /* LoginViewModel.swift in Sources */,
				8EF0B70D24691940001C9CD8 /* DragView.swift in Sources */,
				8E3ABF17244F83A300FF378B /* PhotoDetailView.swift in Sources */,
				8EE11201244CF0F200693609 /* Plant.swift in Sources */,
				8EC86BFF245613B900AB2F92 /* SnapsListViewModel.swift in Sources */,
				8EF491C02B53C186009F12C0 /* GridItemView.swift in Sources */,
				8E7C7958244BB24400F295AD /* SceneDelegate.swift in Sources */,
				8E3ABF0C244D7DB300FF378B /* SnapsListView.swift in Sources */,
				8EC86BF92454E81D00AB2F92 /* ImageStore.swift in Sources */,
				8E3684D22B2BF86F00B228F3 /* Store.swift in Sources */,
				8E1482132B9D5574006C16B5 /* AddSnapToPlantView.swift in Sources */,
				8E3ABF07244D7D4000FF378B /* SnapRow.swift in Sources */,
				8EF491B72B50E979009F12C0 /* SnapDetailView.swift in Sources */,
				8E3ABF02244D704E00FF378B /* AsyncImageView.swift in Sources */,
				8E18A2BE2B4DC43B0083809A /* LocalStore.swift in Sources */,
				8E54C1342B9BBB270020BAAE /* PlantBasicView.swift in Sources */,
				8E7C795A244BB24400F295AD /* ContentView.swift in Sources */,
				8EF491BA2B50ED52009F12C0 /* GalleryRoot.swift in Sources */,
				8EC86BFB245503CC00AB2F92 /* SnapOverlayViewModel.swift in Sources */,
				8E3ABF192450009B00FF378B /* SnapOverlayView.swift in Sources */,
			);
			runOnlyForDeploymentPostprocessing = 0;
		};
		8E7C7964244BB24600F295AD /* Sources */ = {
			isa = PBXSourcesBuildPhase;
			buildActionMask = 2147483647;
			files = (
				8EF1FC732467D1F4005C4DE9 /* CoordinateServiceTests.swift in Sources */,
				8E7C796D244BB24600F295AD /* VeggieTagTests.swift in Sources */,
				8EF1FC6F24675AF2005C4DE9 /* SnapViewModelTests.swift in Sources */,
				8E5D49352BA69C3D00455929 /* LocalStoreTests.swift in Sources */,
			);
			runOnlyForDeploymentPostprocessing = 0;
		};
/* End PBXSourcesBuildPhase section */

/* Begin PBXTargetDependency section */
		8E7C796A244BB24600F295AD /* PBXTargetDependency */ = {
			isa = PBXTargetDependency;
			target = 8E7C7951244BB24400F295AD /* Snappy */;
			targetProxy = 8E7C7969244BB24600F295AD /* PBXContainerItemProxy */;
		};
/* End PBXTargetDependency section */

/* Begin PBXVariantGroup section */
		8E7C7960244BB24600F295AD /* LaunchScreen.storyboard */ = {
			isa = PBXVariantGroup;
			children = (
				8E7C7961244BB24600F295AD /* Base */,
			);
			name = LaunchScreen.storyboard;
			sourceTree = "<group>";
		};
/* End PBXVariantGroup section */

/* Begin XCBuildConfiguration section */
		8E7C796F244BB24600F295AD /* Debug */ = {
			isa = XCBuildConfiguration;
			buildSettings = {
				ALWAYS_SEARCH_USER_PATHS = NO;
				CLANG_ANALYZER_NONNULL = YES;
				CLANG_ANALYZER_NUMBER_OBJECT_CONVERSION = YES_AGGRESSIVE;
				CLANG_CXX_LANGUAGE_STANDARD = "gnu++14";
				CLANG_CXX_LIBRARY = "libc++";
				CLANG_ENABLE_MODULES = YES;
				CLANG_ENABLE_OBJC_ARC = YES;
				CLANG_ENABLE_OBJC_WEAK = YES;
				CLANG_WARN_BLOCK_CAPTURE_AUTORELEASING = YES;
				CLANG_WARN_BOOL_CONVERSION = YES;
				CLANG_WARN_COMMA = YES;
				CLANG_WARN_CONSTANT_CONVERSION = YES;
				CLANG_WARN_DEPRECATED_OBJC_IMPLEMENTATIONS = YES;
				CLANG_WARN_DIRECT_OBJC_ISA_USAGE = YES_ERROR;
				CLANG_WARN_DOCUMENTATION_COMMENTS = YES;
				CLANG_WARN_EMPTY_BODY = YES;
				CLANG_WARN_ENUM_CONVERSION = YES;
				CLANG_WARN_INFINITE_RECURSION = YES;
				CLANG_WARN_INT_CONVERSION = YES;
				CLANG_WARN_NON_LITERAL_NULL_CONVERSION = YES;
				CLANG_WARN_OBJC_IMPLICIT_RETAIN_SELF = YES;
				CLANG_WARN_OBJC_LITERAL_CONVERSION = YES;
				CLANG_WARN_OBJC_ROOT_CLASS = YES_ERROR;
				CLANG_WARN_RANGE_LOOP_ANALYSIS = YES;
				CLANG_WARN_STRICT_PROTOTYPES = YES;
				CLANG_WARN_SUSPICIOUS_MOVE = YES;
				CLANG_WARN_UNGUARDED_AVAILABILITY = YES_AGGRESSIVE;
				CLANG_WARN_UNREACHABLE_CODE = YES;
				CLANG_WARN__DUPLICATE_METHOD_MATCH = YES;
				COPY_PHASE_STRIP = NO;
				DEBUG_INFORMATION_FORMAT = dwarf;
				ENABLE_STRICT_OBJC_MSGSEND = YES;
				ENABLE_TESTABILITY = YES;
				GCC_C_LANGUAGE_STANDARD = gnu11;
				GCC_DYNAMIC_NO_PIC = NO;
				GCC_NO_COMMON_BLOCKS = YES;
				GCC_OPTIMIZATION_LEVEL = 0;
				GCC_PREPROCESSOR_DEFINITIONS = (
					"DEBUG=1",
					"$(inherited)",
				);
				GCC_WARN_64_TO_32_BIT_CONVERSION = YES;
				GCC_WARN_ABOUT_RETURN_TYPE = YES_ERROR;
				GCC_WARN_UNDECLARED_SELECTOR = YES;
				GCC_WARN_UNINITIALIZED_AUTOS = YES_AGGRESSIVE;
				GCC_WARN_UNUSED_FUNCTION = YES;
				GCC_WARN_UNUSED_VARIABLE = YES;
				IPHONEOS_DEPLOYMENT_TARGET = 16.0;
				MTL_ENABLE_DEBUG_INFO = INCLUDE_SOURCE;
				MTL_FAST_MATH = YES;
				ONLY_ACTIVE_ARCH = YES;
				SDKROOT = iphoneos;
				SWIFT_ACTIVE_COMPILATION_CONDITIONS = DEBUG;
				SWIFT_OPTIMIZATION_LEVEL = "-Onone";
			};
			name = Debug;
		};
		8E7C7970244BB24600F295AD /* Release */ = {
			isa = XCBuildConfiguration;
			buildSettings = {
				ALWAYS_SEARCH_USER_PATHS = NO;
				CLANG_ANALYZER_NONNULL = YES;
				CLANG_ANALYZER_NUMBER_OBJECT_CONVERSION = YES_AGGRESSIVE;
				CLANG_CXX_LANGUAGE_STANDARD = "gnu++14";
				CLANG_CXX_LIBRARY = "libc++";
				CLANG_ENABLE_MODULES = YES;
				CLANG_ENABLE_OBJC_ARC = YES;
				CLANG_ENABLE_OBJC_WEAK = YES;
				CLANG_WARN_BLOCK_CAPTURE_AUTORELEASING = YES;
				CLANG_WARN_BOOL_CONVERSION = YES;
				CLANG_WARN_COMMA = YES;
				CLANG_WARN_CONSTANT_CONVERSION = YES;
				CLANG_WARN_DEPRECATED_OBJC_IMPLEMENTATIONS = YES;
				CLANG_WARN_DIRECT_OBJC_ISA_USAGE = YES_ERROR;
				CLANG_WARN_DOCUMENTATION_COMMENTS = YES;
				CLANG_WARN_EMPTY_BODY = YES;
				CLANG_WARN_ENUM_CONVERSION = YES;
				CLANG_WARN_INFINITE_RECURSION = YES;
				CLANG_WARN_INT_CONVERSION = YES;
				CLANG_WARN_NON_LITERAL_NULL_CONVERSION = YES;
				CLANG_WARN_OBJC_IMPLICIT_RETAIN_SELF = YES;
				CLANG_WARN_OBJC_LITERAL_CONVERSION = YES;
				CLANG_WARN_OBJC_ROOT_CLASS = YES_ERROR;
				CLANG_WARN_RANGE_LOOP_ANALYSIS = YES;
				CLANG_WARN_STRICT_PROTOTYPES = YES;
				CLANG_WARN_SUSPICIOUS_MOVE = YES;
				CLANG_WARN_UNGUARDED_AVAILABILITY = YES_AGGRESSIVE;
				CLANG_WARN_UNREACHABLE_CODE = YES;
				CLANG_WARN__DUPLICATE_METHOD_MATCH = YES;
				COPY_PHASE_STRIP = NO;
				DEBUG_INFORMATION_FORMAT = "dwarf-with-dsym";
				ENABLE_NS_ASSERTIONS = NO;
				ENABLE_STRICT_OBJC_MSGSEND = YES;
				GCC_C_LANGUAGE_STANDARD = gnu11;
				GCC_NO_COMMON_BLOCKS = YES;
				GCC_WARN_64_TO_32_BIT_CONVERSION = YES;
				GCC_WARN_ABOUT_RETURN_TYPE = YES_ERROR;
				GCC_WARN_UNDECLARED_SELECTOR = YES;
				GCC_WARN_UNINITIALIZED_AUTOS = YES_AGGRESSIVE;
				GCC_WARN_UNUSED_FUNCTION = YES;
				GCC_WARN_UNUSED_VARIABLE = YES;
				IPHONEOS_DEPLOYMENT_TARGET = 16.0;
				MTL_ENABLE_DEBUG_INFO = NO;
				MTL_FAST_MATH = YES;
				SDKROOT = iphoneos;
				SWIFT_COMPILATION_MODE = wholemodule;
				SWIFT_OPTIMIZATION_LEVEL = "-O";
				VALIDATE_PRODUCT = YES;
			};
			name = Release;
		};
		8E7C7972244BB24600F295AD /* Debug */ = {
			isa = XCBuildConfiguration;
			baseConfigurationReference = 6ED3DE204951880052FEF49A /* Pods-Snappy.debug.xcconfig */;
			buildSettings = {
				ASSETCATALOG_COMPILER_APPICON_NAME = AppIcon;
				CODE_SIGN_IDENTITY = "Apple Development";
				CODE_SIGN_STYLE = Automatic;
				DEVELOPMENT_ASSET_PATHS = "\"Snappy/Preview Content\"";
				DEVELOPMENT_TEAM = TR7JGRM44S;
				ENABLE_PREVIEWS = YES;
				INFOPLIST_FILE = Snappy/Info.plist;
				IPHONEOS_DEPLOYMENT_TARGET = 17.0;
				LD_RUNPATH_SEARCH_PATHS = (
					"$(inherited)",
					"@executable_path/Frameworks",
				);
				PRODUCT_BUNDLE_IDENTIFIER = io.renderapps.Snappy;
				PRODUCT_NAME = "$(TARGET_NAME)";
				PROVISIONING_PROFILE_SPECIFIER = "";
				SWIFT_VERSION = 5.0;
				TARGETED_DEVICE_FAMILY = "1,2";
			};
			name = Debug;
		};
		8E7C7973244BB24600F295AD /* Release */ = {
			isa = XCBuildConfiguration;
			baseConfigurationReference = A6E6F5742B7706DAB9651E09 /* Pods-Snappy.release.xcconfig */;
			buildSettings = {
				ASSETCATALOG_COMPILER_APPICON_NAME = AppIcon;
				CODE_SIGN_IDENTITY = "Apple Development";
				CODE_SIGN_STYLE = Automatic;
				DEVELOPMENT_ASSET_PATHS = "\"Snappy/Preview Content\"";
				DEVELOPMENT_TEAM = TR7JGRM44S;
				ENABLE_PREVIEWS = YES;
				INFOPLIST_FILE = Snappy/Info.plist;
				IPHONEOS_DEPLOYMENT_TARGET = 17.0;
				LD_RUNPATH_SEARCH_PATHS = (
					"$(inherited)",
					"@executable_path/Frameworks",
				);
				PRODUCT_BUNDLE_IDENTIFIER = io.renderapps.Snappy;
				PRODUCT_NAME = "$(TARGET_NAME)";
				PROVISIONING_PROFILE_SPECIFIER = "";
				SWIFT_VERSION = 5.0;
				TARGETED_DEVICE_FAMILY = "1,2";
			};
			name = Release;
		};
		8E7C7975244BB24600F295AD /* Debug */ = {
			isa = XCBuildConfiguration;
			baseConfigurationReference = D98BD09037C17633CD8B969F /* Pods-SnappyTests.debug.xcconfig */;
			buildSettings = {
				ALWAYS_EMBED_SWIFT_STANDARD_LIBRARIES = YES;
				BUNDLE_LOADER = "$(TEST_HOST)";
				CODE_SIGN_STYLE = Automatic;
				DEVELOPMENT_TEAM = "";
				INFOPLIST_FILE = SnappyTests/Info.plist;
				IPHONEOS_DEPLOYMENT_TARGET = 17;
				LD_RUNPATH_SEARCH_PATHS = (
					"$(inherited)",
					"@executable_path/Frameworks",
					"@loader_path/Frameworks",
				);
				PRODUCT_BUNDLE_IDENTIFIER = io.renderapps.snappy.SnappyTests;
				PRODUCT_NAME = "$(TARGET_NAME)";
				SWIFT_VERSION = 5.0;
				TARGETED_DEVICE_FAMILY = "1,2";
				TEST_HOST = "$(BUILT_PRODUCTS_DIR)/Snappy.app/Snappy";
			};
			name = Debug;
		};
		8E7C7976244BB24600F295AD /* Release */ = {
			isa = XCBuildConfiguration;
			baseConfigurationReference = 16B02499771113CB93F227D7 /* Pods-SnappyTests.release.xcconfig */;
			buildSettings = {
				ALWAYS_EMBED_SWIFT_STANDARD_LIBRARIES = YES;
				BUNDLE_LOADER = "$(TEST_HOST)";
				CODE_SIGN_STYLE = Automatic;
				DEVELOPMENT_TEAM = "";
				INFOPLIST_FILE = SnappyTests/Info.plist;
				IPHONEOS_DEPLOYMENT_TARGET = 17;
				LD_RUNPATH_SEARCH_PATHS = (
					"$(inherited)",
					"@executable_path/Frameworks",
					"@loader_path/Frameworks",
				);
				PRODUCT_BUNDLE_IDENTIFIER = io.renderapps.snappy.SnappyTests;
				PRODUCT_NAME = "$(TARGET_NAME)";
				SWIFT_VERSION = 5.0;
				TARGETED_DEVICE_FAMILY = "1,2";
				TEST_HOST = "$(BUILT_PRODUCTS_DIR)/Snappy.app/Snappy";
			};
			name = Release;
		};
/* End XCBuildConfiguration section */

/* Begin XCConfigurationList section */
		8E7C794D244BB24400F295AD /* Build configuration list for PBXProject "Snappy" */ = {
			isa = XCConfigurationList;
			buildConfigurations = (
				8E7C796F244BB24600F295AD /* Debug */,
				8E7C7970244BB24600F295AD /* Release */,
			);
			defaultConfigurationIsVisible = 0;
			defaultConfigurationName = Release;
		};
		8E7C7971244BB24600F295AD /* Build configuration list for PBXNativeTarget "Snappy" */ = {
			isa = XCConfigurationList;
			buildConfigurations = (
				8E7C7972244BB24600F295AD /* Debug */,
				8E7C7973244BB24600F295AD /* Release */,
			);
			defaultConfigurationIsVisible = 0;
			defaultConfigurationName = Release;
		};
		8E7C7974244BB24600F295AD /* Build configuration list for PBXNativeTarget "SnappyTests" */ = {
			isa = XCConfigurationList;
			buildConfigurations = (
				8E7C7975244BB24600F295AD /* Debug */,
				8E7C7976244BB24600F295AD /* Release */,
			);
			defaultConfigurationIsVisible = 0;
			defaultConfigurationName = Release;
		};
/* End XCConfigurationList section */
	};
	rootObject = 8E7C794A244BB24400F295AD /* Project object */;
}
